
Microsoft Visual Studio Solution File, Format Version 12.00
# Visual Studio Version 17
VisualStudioVersion = 17.12.35707.178 d17.12
MinimumVisualStudioVersion = 10.0.40219.1
Project("{FAE04EC0-301F-11D3-BF4B-00C04F79EFBC}") = "Cloud-Mall.API", "Cloud-Mall.API\Cloud-Mall.API.csproj", "{18E87BDE-FAEA-475E-BD0E-C607370AC021}"
EndProject
Project("{FAE04EC0-301F-11D3-BF4B-00C04F79EFBC}") = "Cloud-Mall.Application", "Cloud-Mall.Application\Cloud-Mall.Application.csproj", "{B782FECC-825E-4FF3-B87D-E23AE0FF2806}"
EndProject
Project("{FAE04EC0-301F-11D3-BF4B-00C04F79EFBC}") = "Cloud-Mall.Domain", "Cloud-Mall.Domain\Cloud-Mall.Domain.csproj", "{132BA180-7B0B-40BE-B1B7-EE4FE37499D7}"
EndProject
Project("{FAE04EC0-301F-11D3-BF4B-00C04F79EFBC}") = "Cloud-Mall.Infrastructure", "Cloud-Mall.Infrastructure\Cloud-Mall.Infrastructure.csproj", "{E4E59554-B552-48E2-80B9-B945A16C9642}"
EndProject
Global
	GlobalSection(SolutionConfigurationPlatforms) = preSolution
		Debug|Any CPU = Debug|Any CPU
		Release|Any CPU = Release|Any CPU
	EndGlobalSection
	GlobalSection(ProjectConfigurationPlatforms) = postSolution
		{18E87BDE-FAEA-475E-BD0E-C607370AC021}.Debug|Any CPU.ActiveCfg = Debug|Any CPU
		{18E87BDE-FAEA-475E-BD0E-C607370AC021}.Debug|Any CPU.Build.0 = Debug|Any CPU
		{18E87BDE-FAEA-475E-BD0E-C607370AC021}.Release|Any CPU.ActiveCfg = Release|Any CPU
		{18E87BDE-FAEA-475E-BD0E-C607370AC021}.Release|Any CPU.Build.0 = Release|Any CPU
		{B782FECC-825E-4FF3-B87D-E23AE0FF2806}.Debug|Any CPU.ActiveCfg = Debug|Any CPU
		{B782FECC-825E-4FF3-B87D-E23AE0FF2806}.Debug|Any CPU.Build.0 = Debug|Any CPU
		{B782FECC-825E-4FF3-B87D-E23AE0FF2806}.Release|Any CPU.ActiveCfg = Release|Any CPU
		{B782FECC-825E-4FF3-B87D-E23AE0FF2806}.Release|Any CPU.Build.0 = Release|Any CPU
		{132BA180-7B0B-40BE-B1B7-EE4FE37499D7}.Debug|Any CPU.ActiveCfg = Debug|Any CPU
		{132BA180-7B0B-40BE-B1B7-EE4FE37499D7}.Debug|Any CPU.Build.0 = Debug|Any CPU
		{132BA180-7B0B-40BE-B1B7-EE4FE37499D7}.Release|Any CPU.ActiveCfg = Release|Any CPU
		{132BA180-7B0B-40BE-B1B7-EE4FE37499D7}.Release|Any CPU.Build.0 = Release|Any CPU
		{E4E59554-B552-48E2-80B9-B945A16C9642}.Debug|Any CPU.ActiveCfg = Debug|Any CPU
		{E4E59554-B552-48E2-80B9-B945A16C9642}.Debug|Any CPU.Build.0 = Debug|Any CPU
		{E4E59554-B552-48E2-80B9-B945A16C9642}.Release|Any CPU.ActiveCfg = Release|Any CPU
		{E4E59554-B552-48E2-80B9-B945A16C9642}.Release|Any CPU.Build.0 = Release|Any CPU
	EndGlobalSection
	GlobalSection(SolutionProperties) = preSolution
		HideSolutionNode = FALSE
	EndGlobalSection
EndGlobal
